# THIS IS AN AUTOGENERATED FILE. DO NOT EDIT THIS FILE DIRECTLY.
# yarn lockfile v1


"@dcloudio/types@*":
  version "1.0.0"
  resolved "https://registry.npmjs.org/@dcloudio/types/-/types-1.0.0.tgz#ec349bde686bdcc6c89b3f5b97dd80e3fe0ec324"
  integrity sha512-NyRvDyjSrbEH8e9NxYJXd99OHma2JFr2UzL4zWNxQntsmpbjKF/wlwXEk5e305bm7pbIJdyYbSppMGwb2QEqzA==
